// !$*UTF8*$!
{
	archiveVersion = 1;
	classes = {
	};
	objectVersion = 50;
	objects = {

/* Begin PBXBuildFile section */
		9D2B269F2643307F00C2DC14 /* BeerInfoCell.swift in Sources */ = {isa = PBXBuildFile; fileRef = 9D2B269E2643307F00C2DC14 /* BeerInfoCell.swift */; };
		9D3186582649C14D00442D8F /* HeaderUser.swift in Sources */ = {isa = PBXBuildFile; fileRef = 9D3186572649C14D00442D8F /* HeaderUser.swift */; };
		9D31865C2649CE0100442D8F /* HeaderUserViewModel.swift in Sources */ = {isa = PBXBuildFile; fileRef = 9D31865B2649CE0100442D8F /* HeaderUserViewModel.swift */; };
		9D821D452652E76C00BB02ED /* BeerHeaderInfoFavView.swift in Sources */ = {isa = PBXBuildFile; fileRef = 9D821D442652E76C00BB02ED /* BeerHeaderInfoFavView.swift */; };
		9DD6CC8C265434B9007181E9 /* FavsViewModel.swift in Sources */ = {isa = PBXBuildFile; fileRef = 9DD6CC8B265434B9007181E9 /* FavsViewModel.swift */; };
		B49625452641C0F800166B49 /* CevaSearchApp.swift in Sources */ = {isa = PBXBuildFile; fileRef = B49625442641C0F800166B49 /* CevaSearchApp.swift */; };
		B49625492641C0FA00166B49 /* Assets.xcassets in Resources */ = {isa = PBXBuildFile; fileRef = B49625482641C0FA00166B49 /* Assets.xcassets */; };
		B496254C2641C0FA00166B49 /* Preview Assets.xcassets in Resources */ = {isa = PBXBuildFile; fileRef = B496254B2641C0FA00166B49 /* Preview Assets.xcassets */; };
		B4A10B1D264DAFBF006C7224 /* MainViewWithTabView.swift in Sources */ = {isa = PBXBuildFile; fileRef = B4A10B19264DAFBF006C7224 /* MainViewWithTabView.swift */; };
		B4A10B21264DB4B8006C7224 /* ProfileView.swift in Sources */ = {isa = PBXBuildFile; fileRef = B4A10B20264DB4B8006C7224 /* ProfileView.swift */; };
		B4AD2EDC26430F73009C263E /* BeerView.swift in Sources */ = {isa = PBXBuildFile; fileRef = B4AD2EDB26430F73009C263E /* BeerView.swift */; };
		B4AD2EE026430FDB009C263E /* MainView.swift in Sources */ = {isa = PBXBuildFile; fileRef = B4AD2EDF26430FDB009C263E /* MainView.swift */; };
		B4AD2EE326430FE7009C263E /* OnboardingView.swift in Sources */ = {isa = PBXBuildFile; fileRef = B4AD2EE226430FE7009C263E /* OnboardingView.swift */; };
		B4AD2EE62643100A009C263E /* MapView.swift in Sources */ = {isa = PBXBuildFile; fileRef = B4AD2EE52643100A009C263E /* MapView.swift */; };
		B4AD2EEA26431020009C263E /* MapModel.swift in Sources */ = {isa = PBXBuildFile; fileRef = B4AD2EE926431020009C263E /* MapModel.swift */; };
		B4AD2EED26431036009C263E /* BeerData.swift in Sources */ = {isa = PBXBuildFile; fileRef = B4AD2EEC26431036009C263E /* BeerData.swift */; };
		B4AD2EF026431070009C263E /* OnboardingViewModel.swift in Sources */ = {isa = PBXBuildFile; fileRef = B4AD2EEF26431070009C263E /* OnboardingViewModel.swift */; };
		B4AD2EF426431086009C263E /* MainViewModel.swift in Sources */ = {isa = PBXBuildFile; fileRef = B4AD2EF326431086009C263E /* MainViewModel.swift */; };
		B4AD2EF726431091009C263E /* DetailViewModel.swift in Sources */ = {isa = PBXBuildFile; fileRef = B4AD2EF626431091009C263E /* DetailViewModel.swift */; };
		B4AD2EFA2643109C009C263E /* MapViewModel.swift in Sources */ = {isa = PBXBuildFile; fileRef = B4AD2EF92643109C009C263E /* MapViewModel.swift */; };
		B4B1D260264AF3EB00E5EE9B /* BeerSuggestionView.swift in Sources */ = {isa = PBXBuildFile; fileRef = B4B1D25F264AF3EB00E5EE9B /* BeerSuggestionView.swift */; };
		B4B1D263264AF3FC00E5EE9B /* BeerSuggestionCellView.swift in Sources */ = {isa = PBXBuildFile; fileRef = B4B1D262264AF3FC00E5EE9B /* BeerSuggestionCellView.swift */; };
		B4BAB93A2649CB0800DD4177 /* SearchBarView.swift in Sources */ = {isa = PBXBuildFile; fileRef = B4BAB9392649CB0800DD4177 /* SearchBarView.swift */; };
		B4BAB93D2649CD7300DD4177 /* SearchHeaderView.swift in Sources */ = {isa = PBXBuildFile; fileRef = B4BAB93C2649CD7300DD4177 /* SearchHeaderView.swift */; };
		B4C0FC9526545E11008F5F57 /* TabBarView.swift in Sources */ = {isa = PBXBuildFile; fileRef = B4C0FC9426545E11008F5F57 /* TabBarView.swift */; };
		B4C7885D2655A3830085F8C6 /* SearchBarMockView.swift in Sources */ = {isa = PBXBuildFile; fileRef = B4C7885C2655A3830085F8C6 /* SearchBarMockView.swift */; };
		B4E7C6CC2643289B00905924 /* BeerModel.swift in Sources */ = {isa = PBXBuildFile; fileRef = B4E7C6CB2643289B00905924 /* BeerModel.swift */; };
		CD9812872649C10C003C7EA8 /* HorizontalScrollView.swift in Sources */ = {isa = PBXBuildFile; fileRef = CD9812862649C10C003C7EA8 /* HorizontalScrollView.swift */; };
		FA07980226431EDD0060856B /* BeerData.json in Resources */ = {isa = PBXBuildFile; fileRef = FA07980126431EDD0060856B /* BeerData.json */; };
		FA0C0EFF26507D0B003FA30A /* FavsView.swift in Sources */ = {isa = PBXBuildFile; fileRef = FA0C0EFE26507D0B003FA30A /* FavsView.swift */; };
		FAF4B3472651298B00F65D21 /* FavouriteManager.swift in Sources */ = {isa = PBXBuildFile; fileRef = FAF4B3462651298B00F65D21 /* FavouriteManager.swift */; };
		FAF4B35026519F1D00F65D21 /* FavsButton.swift in Sources */ = {isa = PBXBuildFile; fileRef = FAF4B34F26519F1D00F65D21 /* FavsButton.swift */; };
/* End PBXBuildFile section */

/* Begin PBXFileReference section */
		9D2B269E2643307F00C2DC14 /* BeerInfoCell.swift */ = {isa = PBXFileReference; lastKnownFileType = sourcecode.swift; path = BeerInfoCell.swift; sourceTree = "<group>"; };
		9D3186572649C14D00442D8F /* HeaderUser.swift */ = {isa = PBXFileReference; lastKnownFileType = sourcecode.swift; path = HeaderUser.swift; sourceTree = "<group>"; };
		9D31865B2649CE0100442D8F /* HeaderUserViewModel.swift */ = {isa = PBXFileReference; lastKnownFileType = sourcecode.swift; path = HeaderUserViewModel.swift; sourceTree = "<group>"; };
		9D821D442652E76C00BB02ED /* BeerHeaderInfoFavView.swift */ = {isa = PBXFileReference; lastKnownFileType = sourcecode.swift; path = BeerHeaderInfoFavView.swift; sourceTree = "<group>"; };
		9DD6CC8B265434B9007181E9 /* FavsViewModel.swift */ = {isa = PBXFileReference; lastKnownFileType = sourcecode.swift; path = FavsViewModel.swift; sourceTree = "<group>"; };
		B49625412641C0F800166B49 /* CevaSearch.app */ = {isa = PBXFileReference; explicitFileType = wrapper.application; includeInIndex = 0; path = CevaSearch.app; sourceTree = BUILT_PRODUCTS_DIR; };
		B49625442641C0F800166B49 /* CevaSearchApp.swift */ = {isa = PBXFileReference; lastKnownFileType = sourcecode.swift; path = CevaSearchApp.swift; sourceTree = "<group>"; };
		B49625482641C0FA00166B49 /* Assets.xcassets */ = {isa = PBXFileReference; lastKnownFileType = folder.assetcatalog; path = Assets.xcassets; sourceTree = "<group>"; };
		B496254B2641C0FA00166B49 /* Preview Assets.xcassets */ = {isa = PBXFileReference; lastKnownFileType = folder.assetcatalog; path = "Preview Assets.xcassets"; sourceTree = "<group>"; };
		B496254D2641C0FA00166B49 /* Info.plist */ = {isa = PBXFileReference; lastKnownFileType = text.plist.xml; path = Info.plist; sourceTree = "<group>"; };
		B4A10B19264DAFBF006C7224 /* MainViewWithTabView.swift */ = {isa = PBXFileReference; fileEncoding = 4; lastKnownFileType = sourcecode.swift; path = MainViewWithTabView.swift; sourceTree = "<group>"; };
		B4A10B20264DB4B8006C7224 /* ProfileView.swift */ = {isa = PBXFileReference; lastKnownFileType = sourcecode.swift; path = ProfileView.swift; sourceTree = "<group>"; };
		B4AD2EDB26430F73009C263E /* BeerView.swift */ = {isa = PBXFileReference; lastKnownFileType = sourcecode.swift; path = BeerView.swift; sourceTree = "<group>"; };
		B4AD2EDF26430FDB009C263E /* MainView.swift */ = {isa = PBXFileReference; lastKnownFileType = sourcecode.swift; path = MainView.swift; sourceTree = "<group>"; };
		B4AD2EE226430FE7009C263E /* OnboardingView.swift */ = {isa = PBXFileReference; lastKnownFileType = sourcecode.swift; path = OnboardingView.swift; sourceTree = "<group>"; };
		B4AD2EE52643100A009C263E /* MapView.swift */ = {isa = PBXFileReference; lastKnownFileType = sourcecode.swift; path = MapView.swift; sourceTree = "<group>"; };
		B4AD2EE926431020009C263E /* MapModel.swift */ = {isa = PBXFileReference; lastKnownFileType = sourcecode.swift; path = MapModel.swift; sourceTree = "<group>"; };
		B4AD2EEC26431036009C263E /* BeerData.swift */ = {isa = PBXFileReference; lastKnownFileType = sourcecode.swift; path = BeerData.swift; sourceTree = "<group>"; };
		B4AD2EEF26431070009C263E /* OnboardingViewModel.swift */ = {isa = PBXFileReference; lastKnownFileType = sourcecode.swift; path = OnboardingViewModel.swift; sourceTree = "<group>"; };
		B4AD2EF326431086009C263E /* MainViewModel.swift */ = {isa = PBXFileReference; lastKnownFileType = sourcecode.swift; path = MainViewModel.swift; sourceTree = "<group>"; };
		B4AD2EF626431091009C263E /* DetailViewModel.swift */ = {isa = PBXFileReference; lastKnownFileType = sourcecode.swift; path = DetailViewModel.swift; sourceTree = "<group>"; };
		B4AD2EF92643109C009C263E /* MapViewModel.swift */ = {isa = PBXFileReference; lastKnownFileType = sourcecode.swift; path = MapViewModel.swift; sourceTree = "<group>"; };
		B4B1D25F264AF3EB00E5EE9B /* BeerSuggestionView.swift */ = {isa = PBXFileReference; lastKnownFileType = sourcecode.swift; path = BeerSuggestionView.swift; sourceTree = "<group>"; };
		B4B1D262264AF3FC00E5EE9B /* BeerSuggestionCellView.swift */ = {isa = PBXFileReference; lastKnownFileType = sourcecode.swift; path = BeerSuggestionCellView.swift; sourceTree = "<group>"; };
		B4BAB9392649CB0800DD4177 /* SearchBarView.swift */ = {isa = PBXFileReference; lastKnownFileType = sourcecode.swift; path = SearchBarView.swift; sourceTree = "<group>"; };
		B4BAB93C2649CD7300DD4177 /* SearchHeaderView.swift */ = {isa = PBXFileReference; lastKnownFileType = sourcecode.swift; path = SearchHeaderView.swift; sourceTree = "<group>"; };
		B4C0FC9426545E11008F5F57 /* TabBarView.swift */ = {isa = PBXFileReference; lastKnownFileType = sourcecode.swift; path = TabBarView.swift; sourceTree = "<group>"; };
		B4C7885C2655A3830085F8C6 /* SearchBarMockView.swift */ = {isa = PBXFileReference; lastKnownFileType = sourcecode.swift; path = SearchBarMockView.swift; sourceTree = "<group>"; };
		B4E7C6CB2643289B00905924 /* BeerModel.swift */ = {isa = PBXFileReference; lastKnownFileType = sourcecode.swift; path = BeerModel.swift; sourceTree = "<group>"; };
		CD9812862649C10C003C7EA8 /* HorizontalScrollView.swift */ = {isa = PBXFileReference; lastKnownFileType = sourcecode.swift; path = HorizontalScrollView.swift; sourceTree = "<group>"; };
		FA07980126431EDD0060856B /* BeerData.json */ = {isa = PBXFileReference; fileEncoding = 4; lastKnownFileType = text.json; path = BeerData.json; sourceTree = "<group>"; };
		FA0C0EFE26507D0B003FA30A /* FavsView.swift */ = {isa = PBXFileReference; lastKnownFileType = sourcecode.swift; path = FavsView.swift; sourceTree = "<group>"; };
		FAF4B3462651298B00F65D21 /* FavouriteManager.swift */ = {isa = PBXFileReference; lastKnownFileType = sourcecode.swift; path = FavouriteManager.swift; sourceTree = "<group>"; };
		FAF4B34F26519F1D00F65D21 /* FavsButton.swift */ = {isa = PBXFileReference; lastKnownFileType = sourcecode.swift; path = FavsButton.swift; sourceTree = "<group>"; };
/* End PBXFileReference section */

/* Begin PBXFrameworksBuildPhase section */
		B496253E2641C0F800166B49 /* Frameworks */ = {
			isa = PBXFrameworksBuildPhase;
			buildActionMask = 2147483647;
			files = (
			);
			runOnlyForDeploymentPostprocessing = 0;
		};
/* End PBXFrameworksBuildPhase section */

/* Begin PBXGroup section */
		B49625382641C0F700166B49 = {
			isa = PBXGroup;
			children = (
				B49625432641C0F800166B49 /* CevaSearch */,
				B49625422641C0F800166B49 /* Products */,
			);
			sourceTree = "<group>";
		};
		B49625422641C0F800166B49 /* Products */ = {
			isa = PBXGroup;
			children = (
				B49625412641C0F800166B49 /* CevaSearch.app */,
			);
			name = Products;
			sourceTree = "<group>";
		};
		B49625432641C0F800166B49 /* CevaSearch */ = {
			isa = PBXGroup;
			children = (
				FAF4B3452651296300F65D21 /* Helpers */,
				FA07980026431EAE0060856B /* Resources */,
				B4AD2EDA26430F35009C263E /* ViewModel */,
				B4AD2ED926430F2B009C263E /* View */,
				B4AD2ED826430F25009C263E /* Model */,
				B49625442641C0F800166B49 /* CevaSearchApp.swift */,
				B49625482641C0FA00166B49 /* Assets.xcassets */,
				B496254D2641C0FA00166B49 /* Info.plist */,
				B496254A2641C0FA00166B49 /* Preview Content */,
			);
			path = CevaSearch;
			sourceTree = "<group>";
		};
		B496254A2641C0FA00166B49 /* Preview Content */ = {
			isa = PBXGroup;
			children = (
				B496254B2641C0FA00166B49 /* Preview Assets.xcassets */,
			);
			path = "Preview Content";
			sourceTree = "<group>";
		};
		B4AD2ED826430F25009C263E /* Model */ = {
			isa = PBXGroup;
			children = (
				B4AD2EE926431020009C263E /* MapModel.swift */,
				B4AD2EEC26431036009C263E /* BeerData.swift */,
				B4E7C6CB2643289B00905924 /* BeerModel.swift */,
			);
			path = Model;
			sourceTree = "<group>";
		};
		B4AD2ED926430F2B009C263E /* View */ = {
			isa = PBXGroup;
			children = (
				FAF4B34D26513A1700F65D21 /* Onboarding */,
				FAF4B3482651370200F65D21 /* Main */,
				FAF4B34A265139CE00F65D21 /* Beer */,
				FAF4B34B265139E900F65D21 /* Profile */,
				FAF4B349265139C300F65D21 /* Favs */,
				FAF4B34C26513A0F00F65D21 /* Map */,
				9D2B269E2643307F00C2DC14 /* BeerInfoCell.swift */,
			);
			path = View;
			sourceTree = "<group>";
		};
		B4AD2EDA26430F35009C263E /* ViewModel */ = {
			isa = PBXGroup;
			children = (
				B4AD2EEF26431070009C263E /* OnboardingViewModel.swift */,
				B4AD2EF326431086009C263E /* MainViewModel.swift */,
				B4AD2EF626431091009C263E /* DetailViewModel.swift */,
				B4AD2EF92643109C009C263E /* MapViewModel.swift */,
				9D31865B2649CE0100442D8F /* HeaderUserViewModel.swift */,
				9DD6CC8B265434B9007181E9 /* FavsViewModel.swift */,
			);
			path = ViewModel;
			sourceTree = "<group>";
		};
		FA07980026431EAE0060856B /* Resources */ = {
			isa = PBXGroup;
			children = (
				FA07980126431EDD0060856B /* BeerData.json */,
			);
			path = Resources;
			sourceTree = "<group>";
		};
		FAF4B3452651296300F65D21 /* Helpers */ = {
			isa = PBXGroup;
			children = (
				FAF4B3462651298B00F65D21 /* FavouriteManager.swift */,
			);
			path = Helpers;
			sourceTree = "<group>";
		};
		FAF4B3482651370200F65D21 /* Main */ = {
			isa = PBXGroup;
			children = (
				B4A10B19264DAFBF006C7224 /* MainViewWithTabView.swift */,
				B4AD2EDF26430FDB009C263E /* MainView.swift */,
				9D3186572649C14D00442D8F /* HeaderUser.swift */,
				B4BAB93C2649CD7300DD4177 /* SearchHeaderView.swift */,
				B4BAB9392649CB0800DD4177 /* SearchBarView.swift */,
				B4C7885C2655A3830085F8C6 /* SearchBarMockView.swift */,
				CD9812862649C10C003C7EA8 /* HorizontalScrollView.swift */,
				B4B1D25F264AF3EB00E5EE9B /* BeerSuggestionView.swift */,
				B4B1D262264AF3FC00E5EE9B /* BeerSuggestionCellView.swift */,
				B4C0FC9426545E11008F5F57 /* TabBarView.swift */,
			);
			path = Main;
			sourceTree = "<group>";
		};
		FAF4B349265139C300F65D21 /* Favs */ = {
			isa = PBXGroup;
			children = (
				FA0C0EFE26507D0B003FA30A /* FavsView.swift */,
				FAF4B34F26519F1D00F65D21 /* FavsButton.swift */,
				9D821D442652E76C00BB02ED /* BeerHeaderInfoFavView.swift */,
			);
			path = Favs;
			sourceTree = "<group>";
		};
		FAF4B34A265139CE00F65D21 /* Beer */ = {
			isa = PBXGroup;
			children = (
				B4AD2EDB26430F73009C263E /* BeerView.swift */,
			);
			path = Beer;
			sourceTree = "<group>";
		};
		FAF4B34B265139E900F65D21 /* Profile */ = {
			isa = PBXGroup;
			children = (
				B4A10B20264DB4B8006C7224 /* ProfileView.swift */,
			);
			path = Profile;
			sourceTree = "<group>";
		};
		FAF4B34C26513A0F00F65D21 /* Map */ = {
			isa = PBXGroup;
			children = (
				B4AD2EE52643100A009C263E /* MapView.swift */,
			);
			path = Map;
			sourceTree = "<group>";
		};
		FAF4B34D26513A1700F65D21 /* Onboarding */ = {
			isa = PBXGroup;
			children = (
				B4AD2EE226430FE7009C263E /* OnboardingView.swift */,
			);
			path = Onboarding;
			sourceTree = "<group>";
		};
/* End PBXGroup section */

/* Begin PBXNativeTarget section */
		B49625402641C0F800166B49 /* CevaSearch */ = {
			isa = PBXNativeTarget;
			buildConfigurationList = B49625502641C0FA00166B49 /* Build configuration list for PBXNativeTarget "CevaSearch" */;
			buildPhases = (
				B496253D2641C0F800166B49 /* Sources */,
				B496253E2641C0F800166B49 /* Frameworks */,
				B496253F2641C0F800166B49 /* Resources */,
			);
			buildRules = (
			);
			dependencies = (
			);
			name = CevaSearch;
			productName = CevaSearch;
			productReference = B49625412641C0F800166B49 /* CevaSearch.app */;
			productType = "com.apple.product-type.application";
		};
/* End PBXNativeTarget section */

/* Begin PBXProject section */
		B49625392641C0F700166B49 /* Project object */ = {
			isa = PBXProject;
			attributes = {
				LastSwiftUpdateCheck = 1240;
				LastUpgradeCheck = 1240;
				TargetAttributes = {
					B49625402641C0F800166B49 = {
						CreatedOnToolsVersion = 12.4;
					};
				};
			};
			buildConfigurationList = B496253C2641C0F700166B49 /* Build configuration list for PBXProject "CevaSearch" */;
			compatibilityVersion = "Xcode 9.3";
			developmentRegion = en;
			hasScannedForEncodings = 0;
			knownRegions = (
				en,
				Base,
			);
			mainGroup = B49625382641C0F700166B49;
			productRefGroup = B49625422641C0F800166B49 /* Products */;
			projectDirPath = "";
			projectRoot = "";
			targets = (
				B49625402641C0F800166B49 /* CevaSearch */,
			);
		};
/* End PBXProject section */

/* Begin PBXResourcesBuildPhase section */
		B496253F2641C0F800166B49 /* Resources */ = {
			isa = PBXResourcesBuildPhase;
			buildActionMask = 2147483647;
			files = (
				FA07980226431EDD0060856B /* BeerData.json in Resources */,
				B496254C2641C0FA00166B49 /* Preview Assets.xcassets in Resources */,
				B49625492641C0FA00166B49 /* Assets.xcassets in Resources */,
			);
			runOnlyForDeploymentPostprocessing = 0;
		};
/* End PBXResourcesBuildPhase section */

/* Begin PBXSourcesBuildPhase section */
		B496253D2641C0F800166B49 /* Sources */ = {
			isa = PBXSourcesBuildPhase;
			buildActionMask = 2147483647;
			files = (
				B4AD2EED26431036009C263E /* BeerData.swift in Sources */,
				FAF4B3472651298B00F65D21 /* FavouriteManager.swift in Sources */,
				B4C0FC9526545E11008F5F57 /* TabBarView.swift in Sources */,
				B4AD2EE62643100A009C263E /* MapView.swift in Sources */,
				B4AD2EF026431070009C263E /* OnboardingViewModel.swift in Sources */,
				9D3186582649C14D00442D8F /* HeaderUser.swift in Sources */,
				B4C7885D2655A3830085F8C6 /* SearchBarMockView.swift in Sources */,
				B4AD2EE026430FDB009C263E /* MainView.swift in Sources */,
				B4E7C6CC2643289B00905924 /* BeerModel.swift in Sources */,
				B4AD2EF426431086009C263E /* MainViewModel.swift in Sources */,
				9D31865C2649CE0100442D8F /* HeaderUserViewModel.swift in Sources */,
				B4AD2EDC26430F73009C263E /* BeerView.swift in Sources */,
				B4AD2EEA26431020009C263E /* MapModel.swift in Sources */,
				B4AD2EE326430FE7009C263E /* OnboardingView.swift in Sources */,
				B4BAB93A2649CB0800DD4177 /* SearchBarView.swift in Sources */,
				FA0C0EFF26507D0B003FA30A /* FavsView.swift in Sources */,
				B4BAB93D2649CD7300DD4177 /* SearchHeaderView.swift in Sources */,
				B4B1D263264AF3FC00E5EE9B /* BeerSuggestionCellView.swift in Sources */,
				B4B1D260264AF3EB00E5EE9B /* BeerSuggestionView.swift in Sources */,
				B4A10B1D264DAFBF006C7224 /* MainViewWithTabView.swift in Sources */,
				B4A10B21264DB4B8006C7224 /* ProfileView.swift in Sources */,
				9D821D452652E76C00BB02ED /* BeerHeaderInfoFavView.swift in Sources */,
				9D2B269F2643307F00C2DC14 /* BeerInfoCell.swift in Sources */,
				B4AD2EF726431091009C263E /* DetailViewModel.swift in Sources */,
				FAF4B35026519F1D00F65D21 /* FavsButton.swift in Sources */,
				B49625452641C0F800166B49 /* CevaSearchApp.swift in Sources */,
				CD9812872649C10C003C7EA8 /* HorizontalScrollView.swift in Sources */,
				B4AD2EFA2643109C009C263E /* MapViewModel.swift in Sources */,
				9DD6CC8C265434B9007181E9 /* FavsViewModel.swift in Sources */,
			);
			runOnlyForDeploymentPostprocessing = 0;
		};
/* End PBXSourcesBuildPhase section */

/* Begin XCBuildConfiguration section */
		B496254E2641C0FA00166B49 /* Debug */ = {
			isa = XCBuildConfiguration;
			buildSettings = {
				ALWAYS_SEARCH_USER_PATHS = NO;
				CLANG_ANALYZER_NONNULL = YES;
				CLANG_ANALYZER_NUMBER_OBJECT_CONVERSION = YES_AGGRESSIVE;
				CLANG_CXX_LANGUAGE_STANDARD = "gnu++14";
				CLANG_CXX_LIBRARY = "libc++";
				CLANG_ENABLE_MODULES = YES;
				CLANG_ENABLE_OBJC_ARC = YES;
				CLANG_ENABLE_OBJC_WEAK = YES;
				CLANG_WARN_BLOCK_CAPTURE_AUTORELEASING = YES;
				CLANG_WARN_BOOL_CONVERSION = YES;
				CLANG_WARN_COMMA = YES;
				CLANG_WARN_CONSTANT_CONVERSION = YES;
				CLANG_WARN_DEPRECATED_OBJC_IMPLEMENTATIONS = YES;
				CLANG_WARN_DIRECT_OBJC_ISA_USAGE = YES_ERROR;
				CLANG_WARN_DOCUMENTATION_COMMENTS = YES;
				CLANG_WARN_EMPTY_BODY = YES;
				CLANG_WARN_ENUM_CONVERSION = YES;
				CLANG_WARN_INFINITE_RECURSION = YES;
				CLANG_WARN_INT_CONVERSION = YES;
				CLANG_WARN_NON_LITERAL_NULL_CONVERSION = YES;
				CLANG_WARN_OBJC_IMPLICIT_RETAIN_SELF = YES;
				CLANG_WARN_OBJC_LITERAL_CONVERSION = YES;
				CLANG_WARN_OBJC_ROOT_CLASS = YES_ERROR;
				CLANG_WARN_QUOTED_INCLUDE_IN_FRAMEWORK_HEADER = YES;
				CLANG_WARN_RANGE_LOOP_ANALYSIS = YES;
				CLANG_WARN_STRICT_PROTOTYPES = YES;
				CLANG_WARN_SUSPICIOUS_MOVE = YES;
				CLANG_WARN_UNGUARDED_AVAILABILITY = YES_AGGRESSIVE;
				CLANG_WARN_UNREACHABLE_CODE = YES;
				CLANG_WARN__DUPLICATE_METHOD_MATCH = YES;
				COPY_PHASE_STRIP = NO;
				DEBUG_INFORMATION_FORMAT = dwarf;
				ENABLE_STRICT_OBJC_MSGSEND = YES;
				ENABLE_TESTABILITY = YES;
				GCC_C_LANGUAGE_STANDARD = gnu11;
				GCC_DYNAMIC_NO_PIC = NO;
				GCC_NO_COMMON_BLOCKS = YES;
				GCC_OPTIMIZATION_LEVEL = 0;
				GCC_PREPROCESSOR_DEFINITIONS = (
					"DEBUG=1",
					"$(inherited)",
				);
				GCC_WARN_64_TO_32_BIT_CONVERSION = YES;
				GCC_WARN_ABOUT_RETURN_TYPE = YES_ERROR;
				GCC_WARN_UNDECLARED_SELECTOR = YES;
				GCC_WARN_UNINITIALIZED_AUTOS = YES_AGGRESSIVE;
				GCC_WARN_UNUSED_FUNCTION = YES;
				GCC_WARN_UNUSED_VARIABLE = YES;
				IPHONEOS_DEPLOYMENT_TARGET = 14.4;
				MTL_ENABLE_DEBUG_INFO = INCLUDE_SOURCE;
				MTL_FAST_MATH = YES;
				ONLY_ACTIVE_ARCH = YES;
				SDKROOT = iphoneos;
				SWIFT_ACTIVE_COMPILATION_CONDITIONS = DEBUG;
				SWIFT_OPTIMIZATION_LEVEL = "-Onone";
			};
			name = Debug;
		};
		B496254F2641C0FA00166B49 /* Release */ = {
			isa = XCBuildConfiguration;
			buildSettings = {
				ALWAYS_SEARCH_USER_PATHS = NO;
				CLANG_ANALYZER_NONNULL = YES;
				CLANG_ANALYZER_NUMBER_OBJECT_CONVERSION = YES_AGGRESSIVE;
				CLANG_CXX_LANGUAGE_STANDARD = "gnu++14";
				CLANG_CXX_LIBRARY = "libc++";
				CLANG_ENABLE_MODULES = YES;
				CLANG_ENABLE_OBJC_ARC = YES;
				CLANG_ENABLE_OBJC_WEAK = YES;
				CLANG_WARN_BLOCK_CAPTURE_AUTORELEASING = YES;
				CLANG_WARN_BOOL_CONVERSION = YES;
				CLANG_WARN_COMMA = YES;
				CLANG_WARN_CONSTANT_CONVERSION = YES;
				CLANG_WARN_DEPRECATED_OBJC_IMPLEMENTATIONS = YES;
				CLANG_WARN_DIRECT_OBJC_ISA_USAGE = YES_ERROR;
				CLANG_WARN_DOCUMENTATION_COMMENTS = YES;
				CLANG_WARN_EMPTY_BODY = YES;
				CLANG_WARN_ENUM_CONVERSION = YES;
				CLANG_WARN_INFINITE_RECURSION = YES;
				CLANG_WARN_INT_CONVERSION = YES;
				CLANG_WARN_NON_LITERAL_NULL_CONVERSION = YES;
				CLANG_WARN_OBJC_IMPLICIT_RETAIN_SELF = YES;
				CLANG_WARN_OBJC_LITERAL_CONVERSION = YES;
				CLANG_WARN_OBJC_ROOT_CLASS = YES_ERROR;
				CLANG_WARN_QUOTED_INCLUDE_IN_FRAMEWORK_HEADER = YES;
				CLANG_WARN_RANGE_LOOP_ANALYSIS = YES;
				CLANG_WARN_STRICT_PROTOTYPES = YES;
				CLANG_WARN_SUSPICIOUS_MOVE = YES;
				CLANG_WARN_UNGUARDED_AVAILABILITY = YES_AGGRESSIVE;
				CLANG_WARN_UNREACHABLE_CODE = YES;
				CLANG_WARN__DUPLICATE_METHOD_MATCH = YES;
				COPY_PHASE_STRIP = NO;
				DEBUG_INFORMATION_FORMAT = "dwarf-with-dsym";
				ENABLE_NS_ASSERTIONS = NO;
				ENABLE_STRICT_OBJC_MSGSEND = YES;
				GCC_C_LANGUAGE_STANDARD = gnu11;
				GCC_NO_COMMON_BLOCKS = YES;
				GCC_WARN_64_TO_32_BIT_CONVERSION = YES;
				GCC_WARN_ABOUT_RETURN_TYPE = YES_ERROR;
				GCC_WARN_UNDECLARED_SELECTOR = YES;
				GCC_WARN_UNINITIALIZED_AUTOS = YES_AGGRESSIVE;
				GCC_WARN_UNUSED_FUNCTION = YES;
				GCC_WARN_UNUSED_VARIABLE = YES;
				IPHONEOS_DEPLOYMENT_TARGET = 14.4;
				MTL_ENABLE_DEBUG_INFO = NO;
				MTL_FAST_MATH = YES;
				SDKROOT = iphoneos;
				SWIFT_COMPILATION_MODE = wholemodule;
				SWIFT_OPTIMIZATION_LEVEL = "-O";
				VALIDATE_PRODUCT = YES;
			};
			name = Release;
		};
		B49625512641C0FA00166B49 /* Debug */ = {
			isa = XCBuildConfiguration;
			buildSettings = {
				ASSETCATALOG_COMPILER_APPICON_NAME = AppIcon;
				ASSETCATALOG_COMPILER_GLOBAL_ACCENT_COLOR_NAME = AccentColor;
				CODE_SIGN_STYLE = Automatic;
				DEVELOPMENT_ASSET_PATHS = "\"CevaSearch/Preview Content\"";
				DEVELOPMENT_TEAM = CUXQ8WM7SV;
				ENABLE_PREVIEWS = YES;
				INFOPLIST_FILE = CevaSearch/Info.plist;
				IPHONEOS_DEPLOYMENT_TARGET = 14.0;
				LD_RUNPATH_SEARCH_PATHS = (
					"$(inherited)",
					"@executable_path/Frameworks",
				);
				PRODUCT_BUNDLE_IDENTIFIER = MiniFoguete.CevaSearch;
				PRODUCT_NAME = "$(TARGET_NAME)";
				SWIFT_VERSION = 5.0;
				TARGETED_DEVICE_FAMILY = "1,2";
			};
			name = Debug;
		};
		B49625522641C0FA00166B49 /* Release */ = {
			isa = XCBuildConfiguration;
			buildSettings = {
				ASSETCATALOG_COMPILER_APPICON_NAME = AppIcon;
				ASSETCATALOG_COMPILER_GLOBAL_ACCENT_COLOR_NAME = AccentColor;
				CODE_SIGN_STYLE = Automatic;
				DEVELOPMENT_ASSET_PATHS = "\"CevaSearch/Preview Content\"";
				DEVELOPMENT_TEAM = CUXQ8WM7SV;
				ENABLE_PREVIEWS = YES;
				INFOPLIST_FILE = CevaSearch/Info.plist;
				IPHONEOS_DEPLOYMENT_TARGET = 14.0;
				LD_RUNPATH_SEARCH_PATHS = (
					"$(inherited)",
					"@executable_path/Frameworks",
				);
				PRODUCT_BUNDLE_IDENTIFIER = MiniFoguete.CevaSearch;
				PRODUCT_NAME = "$(TARGET_NAME)";
				SWIFT_VERSION = 5.0;
				TARGETED_DEVICE_FAMILY = "1,2";
			};
			name = Release;
		};
/* End XCBuildConfiguration section */

/* Begin XCConfigurationList section */
		B496253C2641C0F700166B49 /* Build configuration list for PBXProject "CevaSearch" */ = {
			isa = XCConfigurationList;
			buildConfigurations = (
				B496254E2641C0FA00166B49 /* Debug */,
				B496254F2641C0FA00166B49 /* Release */,
			);
			defaultConfigurationIsVisible = 0;
			defaultConfigurationName = Release;
		};
		B49625502641C0FA00166B49 /* Build configuration list for PBXNativeTarget "CevaSearch" */ = {
			isa = XCConfigurationList;
			buildConfigurations = (
				B49625512641C0FA00166B49 /* Debug */,
				B49625522641C0FA00166B49 /* Release */,
			);
			defaultConfigurationIsVisible = 0;
			defaultConfigurationName = Release;
		};
/* End XCConfigurationList section */
	};
	rootObject = B49625392641C0F700166B49 /* Project object */;
}
