// !$*UTF8*$!
{
	archiveVersion = 1;
	classes = {
	};
	objectVersion = 50;
	objects = {

/* Begin PBXBuildFile section */
		9D2B269F2643307F00C2DC14 /* BeerInfoCell.swift in Sources */ = {isa = PBXBuildFile; fileRef = 9D2B269E2643307F00C2DC14 /* BeerInfoCell.swift */; };
		B49625452641C0F800166B49 /* CevaSearchApp.swift in Sources */ = {isa = PBXBuildFile; fileRef = B49625442641C0F800166B49 /* CevaSearchApp.swift */; };
		B49625472641C0F800166B49 /* ContentView.swift in Sources */ = {isa = PBXBuildFile; fileRef = B49625462641C0F800166B49 /* ContentView.swift */; };
		B49625492641C0FA00166B49 /* Assets.xcassets in Resources */ = {isa = PBXBuildFile; fileRef = B49625482641C0FA00166B49 /* Assets.xcassets */; };
		B496254C2641C0FA00166B49 /* Preview Assets.xcassets in Resources */ = {isa = PBXBuildFile; fileRef = B496254B2641C0FA00166B49 /* Preview Assets.xcassets */; };
		B4AD2EDC26430F73009C263E /* DetailView.swift in Sources */ = {isa = PBXBuildFile; fileRef = B4AD2EDB26430F73009C263E /* DetailView.swift */; };
		B4AD2EE026430FDB009C263E /* MainView.swift in Sources */ = {isa = PBXBuildFile; fileRef = B4AD2EDF26430FDB009C263E /* MainView.swift */; };
		B4AD2EE326430FE7009C263E /* OnboardingView.swift in Sources */ = {isa = PBXBuildFile; fileRef = B4AD2EE226430FE7009C263E /* OnboardingView.swift */; };
		B4AD2EE62643100A009C263E /* MapView.swift in Sources */ = {isa = PBXBuildFile; fileRef = B4AD2EE52643100A009C263E /* MapView.swift */; };
		B4AD2EEA26431020009C263E /* MapModel.swift in Sources */ = {isa = PBXBuildFile; fileRef = B4AD2EE926431020009C263E /* MapModel.swift */; };
		B4AD2EED26431036009C263E /* DetailModel.swift in Sources */ = {isa = PBXBuildFile; fileRef = B4AD2EEC26431036009C263E /* DetailModel.swift */; };
		B4AD2EF026431070009C263E /* OnboardingViewModel.swift in Sources */ = {isa = PBXBuildFile; fileRef = B4AD2EEF26431070009C263E /* OnboardingViewModel.swift */; };
		B4AD2EF426431086009C263E /* MainViewModel.swift in Sources */ = {isa = PBXBuildFile; fileRef = B4AD2EF326431086009C263E /* MainViewModel.swift */; };
		B4AD2EF726431091009C263E /* DetailViewModel.swift in Sources */ = {isa = PBXBuildFile; fileRef = B4AD2EF626431091009C263E /* DetailViewModel.swift */; };
		B4AD2EFA2643109C009C263E /* MapViewModel.swift in Sources */ = {isa = PBXBuildFile; fileRef = B4AD2EF92643109C009C263E /* MapViewModel.swift */; };
		FA07980226431EDD0060856B /* BeerData.json in Resources */ = {isa = PBXBuildFile; fileRef = FA07980126431EDD0060856B /* BeerData.json */; };
/* End PBXBuildFile section */

/* Begin PBXFileReference section */
		9D2B269E2643307F00C2DC14 /* BeerInfoCell.swift */ = {isa = PBXFileReference; lastKnownFileType = sourcecode.swift; path = BeerInfoCell.swift; sourceTree = "<group>"; };
		B49625412641C0F800166B49 /* CevaSearch.app */ = {isa = PBXFileReference; explicitFileType = wrapper.application; includeInIndex = 0; path = CevaSearch.app; sourceTree = BUILT_PRODUCTS_DIR; };
		B49625442641C0F800166B49 /* CevaSearchApp.swift */ = {isa = PBXFileReference; lastKnownFileType = sourcecode.swift; path = CevaSearchApp.swift; sourceTree = "<group>"; };
		B49625462641C0F800166B49 /* ContentView.swift */ = {isa = PBXFileReference; lastKnownFileType = sourcecode.swift; path = ContentView.swift; sourceTree = "<group>"; };
		B49625482641C0FA00166B49 /* Assets.xcassets */ = {isa = PBXFileReference; lastKnownFileType = folder.assetcatalog; path = Assets.xcassets; sourceTree = "<group>"; };
		B496254B2641C0FA00166B49 /* Preview Assets.xcassets */ = {isa = PBXFileReference; lastKnownFileType = folder.assetcatalog; path = "Preview Assets.xcassets"; sourceTree = "<group>"; };
		B496254D2641C0FA00166B49 /* Info.plist */ = {isa = PBXFileReference; lastKnownFileType = text.plist.xml; path = Info.plist; sourceTree = "<group>"; };
		B4AD2EDB26430F73009C263E /* DetailView.swift */ = {isa = PBXFileReference; lastKnownFileType = sourcecode.swift; path = DetailView.swift; sourceTree = "<group>"; };
		B4AD2EDF26430FDB009C263E /* MainView.swift */ = {isa = PBXFileReference; lastKnownFileType = sourcecode.swift; path = MainView.swift; sourceTree = "<group>"; };
		B4AD2EE226430FE7009C263E /* OnboardingView.swift */ = {isa = PBXFileReference; lastKnownFileType = sourcecode.swift; path = OnboardingView.swift; sourceTree = "<group>"; };
		B4AD2EE52643100A009C263E /* MapView.swift */ = {isa = PBXFileReference; lastKnownFileType = sourcecode.swift; path = MapView.swift; sourceTree = "<group>"; };
		B4AD2EE926431020009C263E /* MapModel.swift */ = {isa = PBXFileReference; lastKnownFileType = sourcecode.swift; path = MapModel.swift; sourceTree = "<group>"; };
		B4AD2EEC26431036009C263E /* DetailModel.swift */ = {isa = PBXFileReference; lastKnownFileType = sourcecode.swift; path = DetailModel.swift; sourceTree = "<group>"; };
		B4AD2EEF26431070009C263E /* OnboardingViewModel.swift */ = {isa = PBXFileReference; lastKnownFileType = sourcecode.swift; path = OnboardingViewModel.swift; sourceTree = "<group>"; };
		B4AD2EF326431086009C263E /* MainViewModel.swift */ = {isa = PBXFileReference; lastKnownFileType = sourcecode.swift; path = MainViewModel.swift; sourceTree = "<group>"; };
		B4AD2EF626431091009C263E /* DetailViewModel.swift */ = {isa = PBXFileReference; lastKnownFileType = sourcecode.swift; path = DetailViewModel.swift; sourceTree = "<group>"; };
		B4AD2EF92643109C009C263E /* MapViewModel.swift */ = {isa = PBXFileReference; lastKnownFileType = sourcecode.swift; path = MapViewModel.swift; sourceTree = "<group>"; };
		FA07980126431EDD0060856B /* BeerData.json */ = {isa = PBXFileReference; fileEncoding = 4; lastKnownFileType = text.json; path = BeerData.json; sourceTree = "<group>"; };
/* End PBXFileReference section */

/* Begin PBXFrameworksBuildPhase section */
		B496253E2641C0F800166B49 /* Frameworks */ = {
			isa = PBXFrameworksBuildPhase;
			buildActionMask = 2147483647;
			files = (
			);
			runOnlyForDeploymentPostprocessing = 0;
		};
/* End PBXFrameworksBuildPhase section */

/* Begin PBXGroup section */
		B49625382641C0F700166B49 = {
			isa = PBXGroup;
			children = (
				B49625432641C0F800166B49 /* CevaSearch */,
				B49625422641C0F800166B49 /* Products */,
			);
			sourceTree = "<group>";
		};
		B49625422641C0F800166B49 /* Products */ = {
			isa = PBXGroup;
			children = (
				B49625412641C0F800166B49 /* CevaSearch.app */,
			);
			name = Products;
			sourceTree = "<group>";
		};
		B49625432641C0F800166B49 /* CevaSearch */ = {
			isa = PBXGroup;
			children = (
				FA07980026431EAE0060856B /* Resources */,
				B4AD2EDA26430F35009C263E /* ViewModel */,
				B4AD2ED926430F2B009C263E /* View */,
				B4AD2ED826430F25009C263E /* Model */,
				B49625442641C0F800166B49 /* CevaSearchApp.swift */,
				B49625462641C0F800166B49 /* ContentView.swift */,
				B49625482641C0FA00166B49 /* Assets.xcassets */,
				B496254D2641C0FA00166B49 /* Info.plist */,
				B496254A2641C0FA00166B49 /* Preview Content */,
			);
			path = CevaSearch;
			sourceTree = "<group>";
		};
		B496254A2641C0FA00166B49 /* Preview Content */ = {
			isa = PBXGroup;
			children = (
				B496254B2641C0FA00166B49 /* Preview Assets.xcassets */,
			);
			path = "Preview Content";
			sourceTree = "<group>";
		};
		B4AD2ED826430F25009C263E /* Model */ = {
			isa = PBXGroup;
			children = (
				B4AD2EE926431020009C263E /* MapModel.swift */,
				B4AD2EEC26431036009C263E /* DetailModel.swift */,
			);
			path = Model;
			sourceTree = "<group>";
		};
		B4AD2ED926430F2B009C263E /* View */ = {
			isa = PBXGroup;
			children = (
				B4AD2EE226430FE7009C263E /* OnboardingView.swift */,
				B4AD2EDF26430FDB009C263E /* MainView.swift */,
				B4AD2EDB26430F73009C263E /* DetailView.swift */,
				B4AD2EE52643100A009C263E /* MapView.swift */,
				9D2B269E2643307F00C2DC14 /* BeerInfoCell.swift */,
			);
			path = View;
			sourceTree = "<group>";
		};
		B4AD2EDA26430F35009C263E /* ViewModel */ = {
			isa = PBXGroup;
			children = (
				B4AD2EEF26431070009C263E /* OnboardingViewModel.swift */,
				B4AD2EF326431086009C263E /* MainViewModel.swift */,
				B4AD2EF626431091009C263E /* DetailViewModel.swift */,
				B4AD2EF92643109C009C263E /* MapViewModel.swift */,
			);
			path = ViewModel;
			sourceTree = "<group>";
		};
		FA07980026431EAE0060856B /* Resources */ = {
			isa = PBXGroup;
			children = (
				FA07980126431EDD0060856B /* BeerData.json */,
			);
			path = Resources;
			sourceTree = "<group>";
		};
/* End PBXGroup section */

/* Begin PBXNativeTarget section */
		B49625402641C0F800166B49 /* CevaSearch */ = {
			isa = PBXNativeTarget;
			buildConfigurationList = B49625502641C0FA00166B49 /* Build configuration list for PBXNativeTarget "CevaSearch" */;
			buildPhases = (
				B496253D2641C0F800166B49 /* Sources */,
				B496253E2641C0F800166B49 /* Frameworks */,
				B496253F2641C0F800166B49 /* Resources */,
			);
			buildRules = (
			);
			dependencies = (
			);
			name = CevaSearch;
			productName = CevaSearch;
			productReference = B49625412641C0F800166B49 /* CevaSearch.app */;
			productType = "com.apple.product-type.application";
		};
/* End PBXNativeTarget section */

/* Begin PBXProject section */
		B49625392641C0F700166B49 /* Project object */ = {
			isa = PBXProject;
			attributes = {
				LastSwiftUpdateCheck = 1240;
				LastUpgradeCheck = 1240;
				TargetAttributes = {
					B49625402641C0F800166B49 = {
						CreatedOnToolsVersion = 12.4;
					};
				};
			};
			buildConfigurationList = B496253C2641C0F700166B49 /* Build configuration list for PBXProject "CevaSearch" */;
			compatibilityVersion = "Xcode 9.3";
			developmentRegion = en;
			hasScannedForEncodings = 0;
			knownRegions = (
				en,
				Base,
			);
			mainGroup = B49625382641C0F700166B49;
			productRefGroup = B49625422641C0F800166B49 /* Products */;
			projectDirPath = "";
			projectRoot = "";
			targets = (
				B49625402641C0F800166B49 /* CevaSearch */,
			);
		};
/* End PBXProject section */

/* Begin PBXResourcesBuildPhase section */
		B496253F2641C0F800166B49 /* Resources */ = {
			isa = PBXResourcesBuildPhase;
			buildActionMask = 2147483647;
			files = (
				FA07980226431EDD0060856B /* BeerData.json in Resources */,
				B496254C2641C0FA00166B49 /* Preview Assets.xcassets in Resources */,
				B49625492641C0FA00166B49 /* Assets.xcassets in Resources */,
			);
			runOnlyForDeploymentPostprocessing = 0;
		};
/* End PBXResourcesBuildPhase section */

/* Begin PBXSourcesBuildPhase section */
		B496253D2641C0F800166B49 /* Sources */ = {
			isa = PBXSourcesBuildPhase;
			buildActionMask = 2147483647;
			files = (
				B4AD2EED26431036009C263E /* DetailModel.swift in Sources */,
				B49625472641C0F800166B49 /* ContentView.swift in Sources */,
				B4AD2EE62643100A009C263E /* MapView.swift in Sources */,
				B4AD2EF026431070009C263E /* OnboardingViewModel.swift in Sources */,
				B4AD2EE026430FDB009C263E /* MainView.swift in Sources */,
				B4AD2EF426431086009C263E /* MainViewModel.swift in Sources */,
				B4AD2EDC26430F73009C263E /* DetailView.swift in Sources */,
				B4AD2EEA26431020009C263E /* MapModel.swift in Sources */,
				B4AD2EE326430FE7009C263E /* OnboardingView.swift in Sources */,
				9D2B269F2643307F00C2DC14 /* BeerInfoCell.swift in Sources */,
				B4AD2EF726431091009C263E /* DetailViewModel.swift in Sources */,
				B49625452641C0F800166B49 /* CevaSearchApp.swift in Sources */,
				B4AD2EFA2643109C009C263E /* MapViewModel.swift in Sources */,
			);
			runOnlyForDeploymentPostprocessing = 0;
		};
/* End PBXSourcesBuildPhase section */

/* Begin XCBuildConfiguration section */
		B496254E2641C0FA00166B49 /* Debug */ = {
			isa = XCBuildConfiguration;
			buildSettings = {
				ALWAYS_SEARCH_USER_PATHS = NO;
				CLANG_ANALYZER_NONNULL = YES;
				CLANG_ANALYZER_NUMBER_OBJECT_CONVERSION = YES_AGGRESSIVE;
				CLANG_CXX_LANGUAGE_STANDARD = "gnu++14";
				CLANG_CXX_LIBRARY = "libc++";
				CLANG_ENABLE_MODULES = YES;
				CLANG_ENABLE_OBJC_ARC = YES;
				CLANG_ENABLE_OBJC_WEAK = YES;
				CLANG_WARN_BLOCK_CAPTURE_AUTORELEASING = YES;
				CLANG_WARN_BOOL_CONVERSION = YES;
				CLANG_WARN_COMMA = YES;
				CLANG_WARN_CONSTANT_CONVERSION = YES;
				CLANG_WARN_DEPRECATED_OBJC_IMPLEMENTATIONS = YES;
				CLANG_WARN_DIRECT_OBJC_ISA_USAGE = YES_ERROR;
				CLANG_WARN_DOCUMENTATION_COMMENTS = YES;
				CLANG_WARN_EMPTY_BODY = YES;
				CLANG_WARN_ENUM_CONVERSION = YES;
				CLANG_WARN_INFINITE_RECURSION = YES;
				CLANG_WARN_INT_CONVERSION = YES;
				CLANG_WARN_NON_LITERAL_NULL_CONVERSION = YES;
				CLANG_WARN_OBJC_IMPLICIT_RETAIN_SELF = YES;
				CLANG_WARN_OBJC_LITERAL_CONVERSION = YES;
				CLANG_WARN_OBJC_ROOT_CLASS = YES_ERROR;
				CLANG_WARN_QUOTED_INCLUDE_IN_FRAMEWORK_HEADER = YES;
				CLANG_WARN_RANGE_LOOP_ANALYSIS = YES;
				CLANG_WARN_STRICT_PROTOTYPES = YES;
				CLANG_WARN_SUSPICIOUS_MOVE = YES;
				CLANG_WARN_UNGUARDED_AVAILABILITY = YES_AGGRESSIVE;
				CLANG_WARN_UNREACHABLE_CODE = YES;
				CLANG_WARN__DUPLICATE_METHOD_MATCH = YES;
				COPY_PHASE_STRIP = NO;
				DEBUG_INFORMATION_FORMAT = dwarf;
				ENABLE_STRICT_OBJC_MSGSEND = YES;
				ENABLE_TESTABILITY = YES;
				GCC_C_LANGUAGE_STANDARD = gnu11;
				GCC_DYNAMIC_NO_PIC = NO;
				GCC_NO_COMMON_BLOCKS = YES;
				GCC_OPTIMIZATION_LEVEL = 0;
				GCC_PREPROCESSOR_DEFINITIONS = (
					"DEBUG=1",
					"$(inherited)",
				);
				GCC_WARN_64_TO_32_BIT_CONVERSION = YES;
				GCC_WARN_ABOUT_RETURN_TYPE = YES_ERROR;
				GCC_WARN_UNDECLARED_SELECTOR = YES;
				GCC_WARN_UNINITIALIZED_AUTOS = YES_AGGRESSIVE;
				GCC_WARN_UNUSED_FUNCTION = YES;
				GCC_WARN_UNUSED_VARIABLE = YES;
				IPHONEOS_DEPLOYMENT_TARGET = 14.4;
				MTL_ENABLE_DEBUG_INFO = INCLUDE_SOURCE;
				MTL_FAST_MATH = YES;
				ONLY_ACTIVE_ARCH = YES;
				SDKROOT = iphoneos;
				SWIFT_ACTIVE_COMPILATION_CONDITIONS = DEBUG;
				SWIFT_OPTIMIZATION_LEVEL = "-Onone";
			};
			name = Debug;
		};
		B496254F2641C0FA00166B49 /* Release */ = {
			isa = XCBuildConfiguration;
			buildSettings = {
				ALWAYS_SEARCH_USER_PATHS = NO;
				CLANG_ANALYZER_NONNULL = YES;
				CLANG_ANALYZER_NUMBER_OBJECT_CONVERSION = YES_AGGRESSIVE;
				CLANG_CXX_LANGUAGE_STANDARD = "gnu++14";
				CLANG_CXX_LIBRARY = "libc++";
				CLANG_ENABLE_MODULES = YES;
				CLANG_ENABLE_OBJC_ARC = YES;
				CLANG_ENABLE_OBJC_WEAK = YES;
				CLANG_WARN_BLOCK_CAPTURE_AUTORELEASING = YES;
				CLANG_WARN_BOOL_CONVERSION = YES;
				CLANG_WARN_COMMA = YES;
				CLANG_WARN_CONSTANT_CONVERSION = YES;
				CLANG_WARN_DEPRECATED_OBJC_IMPLEMENTATIONS = YES;
				CLANG_WARN_DIRECT_OBJC_ISA_USAGE = YES_ERROR;
				CLANG_WARN_DOCUMENTATION_COMMENTS = YES;
				CLANG_WARN_EMPTY_BODY = YES;
				CLANG_WARN_ENUM_CONVERSION = YES;
				CLANG_WARN_INFINITE_RECURSION = YES;
				CLANG_WARN_INT_CONVERSION = YES;
				CLANG_WARN_NON_LITERAL_NULL_CONVERSION = YES;
				CLANG_WARN_OBJC_IMPLICIT_RETAIN_SELF = YES;
				CLANG_WARN_OBJC_LITERAL_CONVERSION = YES;
				CLANG_WARN_OBJC_ROOT_CLASS = YES_ERROR;
				CLANG_WARN_QUOTED_INCLUDE_IN_FRAMEWORK_HEADER = YES;
				CLANG_WARN_RANGE_LOOP_ANALYSIS = YES;
				CLANG_WARN_STRICT_PROTOTYPES = YES;
				CLANG_WARN_SUSPICIOUS_MOVE = YES;
				CLANG_WARN_UNGUARDED_AVAILABILITY = YES_AGGRESSIVE;
				CLANG_WARN_UNREACHABLE_CODE = YES;
				CLANG_WARN__DUPLICATE_METHOD_MATCH = YES;
				COPY_PHASE_STRIP = NO;
				DEBUG_INFORMATION_FORMAT = "dwarf-with-dsym";
				ENABLE_NS_ASSERTIONS = NO;
				ENABLE_STRICT_OBJC_MSGSEND = YES;
				GCC_C_LANGUAGE_STANDARD = gnu11;
				GCC_NO_COMMON_BLOCKS = YES;
				GCC_WARN_64_TO_32_BIT_CONVERSION = YES;
				GCC_WARN_ABOUT_RETURN_TYPE = YES_ERROR;
				GCC_WARN_UNDECLARED_SELECTOR = YES;
				GCC_WARN_UNINITIALIZED_AUTOS = YES_AGGRESSIVE;
				GCC_WARN_UNUSED_FUNCTION = YES;
				GCC_WARN_UNUSED_VARIABLE = YES;
				IPHONEOS_DEPLOYMENT_TARGET = 14.4;
				MTL_ENABLE_DEBUG_INFO = NO;
				MTL_FAST_MATH = YES;
				SDKROOT = iphoneos;
				SWIFT_COMPILATION_MODE = wholemodule;
				SWIFT_OPTIMIZATION_LEVEL = "-O";
				VALIDATE_PRODUCT = YES;
			};
			name = Release;
		};
		B49625512641C0FA00166B49 /* Debug */ = {
			isa = XCBuildConfiguration;
			buildSettings = {
				ASSETCATALOG_COMPILER_APPICON_NAME = AppIcon;
				ASSETCATALOG_COMPILER_GLOBAL_ACCENT_COLOR_NAME = AccentColor;
				CODE_SIGN_STYLE = Automatic;
				DEVELOPMENT_ASSET_PATHS = "\"CevaSearch/Preview Content\"";
				DEVELOPMENT_TEAM = CUXQ8WM7SV;
				ENABLE_PREVIEWS = YES;
				INFOPLIST_FILE = CevaSearch/Info.plist;
				IPHONEOS_DEPLOYMENT_TARGET = 14.0;
				LD_RUNPATH_SEARCH_PATHS = (
					"$(inherited)",
					"@executable_path/Frameworks",
				);
				PRODUCT_BUNDLE_IDENTIFIER = MiniFoguete.CevaSearch;
				PRODUCT_NAME = "$(TARGET_NAME)";
				SWIFT_VERSION = 5.0;
				TARGETED_DEVICE_FAMILY = "1,2";
			};
			name = Debug;
		};
		B49625522641C0FA00166B49 /* Release */ = {
			isa = XCBuildConfiguration;
			buildSettings = {
				ASSETCATALOG_COMPILER_APPICON_NAME = AppIcon;
				ASSETCATALOG_COMPILER_GLOBAL_ACCENT_COLOR_NAME = AccentColor;
				CODE_SIGN_STYLE = Automatic;
				DEVELOPMENT_ASSET_PATHS = "\"CevaSearch/Preview Content\"";
				DEVELOPMENT_TEAM = CUXQ8WM7SV;
				ENABLE_PREVIEWS = YES;
				INFOPLIST_FILE = CevaSearch/Info.plist;
				IPHONEOS_DEPLOYMENT_TARGET = 14.0;
				LD_RUNPATH_SEARCH_PATHS = (
					"$(inherited)",
					"@executable_path/Frameworks",
				);
				PRODUCT_BUNDLE_IDENTIFIER = MiniFoguete.CevaSearch;
				PRODUCT_NAME = "$(TARGET_NAME)";
				SWIFT_VERSION = 5.0;
				TARGETED_DEVICE_FAMILY = "1,2";
			};
			name = Release;
		};
/* End XCBuildConfiguration section */

/* Begin XCConfigurationList section */
		B496253C2641C0F700166B49 /* Build configuration list for PBXProject "CevaSearch" */ = {
			isa = XCConfigurationList;
			buildConfigurations = (
				B496254E2641C0FA00166B49 /* Debug */,
				B496254F2641C0FA00166B49 /* Release */,
			);
			defaultConfigurationIsVisible = 0;
			defaultConfigurationName = Release;
		};
		B49625502641C0FA00166B49 /* Build configuration list for PBXNativeTarget "CevaSearch" */ = {
			isa = XCConfigurationList;
			buildConfigurations = (
				B49625512641C0FA00166B49 /* Debug */,
				B49625522641C0FA00166B49 /* Release */,
			);
			defaultConfigurationIsVisible = 0;
			defaultConfigurationName = Release;
		};
/* End XCConfigurationList section */
	};
	rootObject = B49625392641C0F700166B49 /* Project object */;
}
